
Microsoft Visual Studio Solution File, Format Version 12.00
# Visual Studio Version 17
VisualStudioVersion = 17.3.32922.545
MinimumVisualStudioVersion = 10.0.40219.1
Project("{FAE04EC0-301F-11D3-BF4B-00C04F79EFBC}") = "DockerHttpsDemo", "DockerHttpsDemo\DockerHttpsDemo.csproj", "{3924211F-4AB3-4514-B472-B60A3B86451B}"
EndProject
Global
	GlobalSection(SolutionConfigurationPlatforms) = preSolution
		Debug|Any CPU = Debug|Any CPU
		Release|Any CPU = Release|Any CPU
	EndGlobalSection
	GlobalSection(ProjectConfigurationPlatforms) = postSolution
		{3924211F-4AB3-4514-B472-B60A3B86451B}.Debug|Any CPU.ActiveCfg = Debug|Any CPU
		{3924211F-4AB3-4514-B472-B60A3B86451B}.Debug|Any CPU.Build.0 = Debug|Any CPU
		{3924211F-4AB3-4514-B472-B60A3B86451B}.Release|Any CPU.ActiveCfg = Release|Any CPU
		{3924211F-4AB3-4514-B472-B60A3B86451B}.Release|Any CPU.Build.0 = Release|Any CPU
	EndGlobalSection
	GlobalSection(SolutionProperties) = preSolution
		HideSolutionNode = FALSE
	EndGlobalSection
	GlobalSection(ExtensibilityGlobals) = postSolution
		SolutionGuid = {880AFCD9-4D1B-40D9-844E-322304FD7405}
	EndGlobalSection
EndGlobal
